
Microsoft Visual Studio Solution File, Format Version 12.00
# Visual Studio Version 17
VisualStudioVersion = 17.6.33815.320
MinimumVisualStudioVersion = 10.0.40219.1
Project("{FAE04EC0-301F-11D3-BF4B-00C04F79EFBC}") = "WebApiProyect", "WebApiProyect\WebApiProyect.csproj", "{A6BD017B-057A-4231-BA4E-2B1EF168E294}"
EndProject
Global
	GlobalSection(SolutionConfigurationPlatforms) = preSolution
		Debug|Any CPU = Debug|Any CPU
		Release|Any CPU = Release|Any CPU
	EndGlobalSection
	GlobalSection(ProjectConfigurationPlatforms) = postSolution
		{A6BD017B-057A-4231-BA4E-2B1EF168E294}.Debug|Any CPU.ActiveCfg = Debug|Any CPU
		{A6BD017B-057A-4231-BA4E-2B1EF168E294}.Debug|Any CPU.Build.0 = Debug|Any CPU
		{A6BD017B-057A-4231-BA4E-2B1EF168E294}.Release|Any CPU.ActiveCfg = Release|Any CPU
		{A6BD017B-057A-4231-BA4E-2B1EF168E294}.Release|Any CPU.Build.0 = Release|Any CPU
	EndGlobalSection
	GlobalSection(SolutionProperties) = preSolution
		HideSolutionNode = FALSE
	EndGlobalSection
	GlobalSection(ExtensibilityGlobals) = postSolution
		SolutionGuid = {92C3A458-13F6-44A2-9B26-03E839BE8A1F}
	EndGlobalSection
EndGlobal
